
Microsoft Visual Studio Solution File, Format Version 12.00
# Visual Studio 15
VisualStudioVersion = 15.0.27130.2026
MinimumVisualStudioVersion = 10.0.40219.1
Project("{2150E333-8FDC-42A3-9474-1A3956D46DE8}") = "src", "src", "{26E84C87-A247-4766-985D-C5FCF865F121}"
EndProject
Project("{2150E333-8FDC-42A3-9474-1A3956D46DE8}") = "docker", "docker", "{473DA22E-5FB6-4BAD-87C8-688A6F30037C}"
	ProjectSection(SolutionItems) = preProject
		costs.net.builder.base.Dockerfile = costs.net.builder.base.Dockerfile
		costs.net.builder.Dockerfile = costs.net.builder.Dockerfile
		costs.net.Dockerfile = costs.net.Dockerfile
		costs.scheduler.Dockerfile = costs.scheduler.Dockerfile
		docker-compose-dev.yml = docker-compose-dev.yml
		entrypoint.sh = entrypoint.sh
	EndProjectSection
EndProject
Project("{9A19103F-16F7-4668-BE54-9A1E7A4F7556}") = "dnt.api", "costs.net.api\dnt.api.csproj", "{B227E188-E8E0-4163-80D1-5C7BAE0D3202}"
EndProject
Project("{9A19103F-16F7-4668-BE54-9A1E7A4F7556}") = "dnt.core", "costs.net.core\dnt.core.csproj", "{657B3282-F57F-4314-B35B-1E660F9EA183}"
EndProject
Project("{9A19103F-16F7-4668-BE54-9A1E7A4F7556}") = "dnt.dataAccess", "costs.net.dataAccess\dnt.dataAccess.csproj", "{E0044ACE-0C28-41B1-9AC1-04563CFA760E}"
EndProject
Project("{9A19103F-16F7-4668-BE54-9A1E7A4F7556}") = "dnt.host", "costs.net.host\dnt.host.csproj", "{B4FEFD00-8776-460C-AF4F-188BBEEB9310}"
EndProject
Project("{2150E333-8FDC-42A3-9474-1A3956D46DE8}") = "scheduler", "scheduler", "{BFB36A60-91A0-4E9E-89C2-4D669AF7FE41}"
EndProject
Project("{2150E333-8FDC-42A3-9474-1A3956D46DE8}") = "Solution Items", "Solution Items", "{B9F08DF0-EF81-42E6-979C-72B869206C2D}"
	ProjectSection(SolutionItems) = preProject
		.gitattributes = .gitattributes
		.gitignore = .gitignore
		README.md = README.md
	EndProjectSection
EndProject
Project("{2150E333-8FDC-42A3-9474-1A3956D46DE8}") = "docs", "docs", "{A363FEF7-09BD-4937-925F-7A839B6FDB66}"
	ProjectSection(SolutionItems) = preProject
		docs\activity_log.md = docs\activity_log.md
		docs\billing-expenses.md = docs\billing-expenses.md
		docs\budget-form.md = docs\budget-form.md
		docs\feature-toggles.md = docs\feature-toggles.md
	EndProjectSection
EndProject
Global
	GlobalSection(SolutionConfigurationPlatforms) = preSolution
		Debug|Any CPU = Debug|Any CPU
		Release|Any CPU = Release|Any CPU
	EndGlobalSection
	GlobalSection(ProjectConfigurationPlatforms) = postSolution
		{B227E188-E8E0-4163-80D1-5C7BAE0D3202}.Debug|Any CPU.ActiveCfg = Debug|Any CPU
		{B227E188-E8E0-4163-80D1-5C7BAE0D3202}.Debug|Any CPU.Build.0 = Debug|Any CPU
		{B227E188-E8E0-4163-80D1-5C7BAE0D3202}.Release|Any CPU.ActiveCfg = Release|Any CPU
		{B227E188-E8E0-4163-80D1-5C7BAE0D3202}.Release|Any CPU.Build.0 = Release|Any CPU
		{657B3282-F57F-4314-B35B-1E660F9EA183}.Debug|Any CPU.ActiveCfg = Debug|Any CPU
		{657B3282-F57F-4314-B35B-1E660F9EA183}.Debug|Any CPU.Build.0 = Debug|Any CPU
		{657B3282-F57F-4314-B35B-1E660F9EA183}.Release|Any CPU.ActiveCfg = Release|Any CPU
		{657B3282-F57F-4314-B35B-1E660F9EA183}.Release|Any CPU.Build.0 = Release|Any CPU
		{E0044ACE-0C28-41B1-9AC1-04563CFA760E}.Debug|Any CPU.ActiveCfg = Debug|Any CPU
		{E0044ACE-0C28-41B1-9AC1-04563CFA760E}.Debug|Any CPU.Build.0 = Debug|Any CPU
		{E0044ACE-0C28-41B1-9AC1-04563CFA760E}.Release|Any CPU.ActiveCfg = Release|Any CPU
		{E0044ACE-0C28-41B1-9AC1-04563CFA760E}.Release|Any CPU.Build.0 = Release|Any CPU
		{B4FEFD00-8776-460C-AF4F-188BBEEB9310}.Debug|Any CPU.ActiveCfg = Debug|Any CPU
		{B4FEFD00-8776-460C-AF4F-188BBEEB9310}.Debug|Any CPU.Build.0 = Debug|Any CPU
		{B4FEFD00-8776-460C-AF4F-188BBEEB9310}.Release|Any CPU.ActiveCfg = Release|Any CPU
		{B4FEFD00-8776-460C-AF4F-188BBEEB9310}.Release|Any CPU.Build.0 = Release|Any CPU
	EndGlobalSection
	GlobalSection(SolutionProperties) = preSolution
		HideSolutionNode = FALSE
	EndGlobalSection
	GlobalSection(NestedProjects) = preSolution
		{B227E188-E8E0-4163-80D1-5C7BAE0D3202} = {26E84C87-A247-4766-985D-C5FCF865F121}
		{657B3282-F57F-4314-B35B-1E660F9EA183} = {26E84C87-A247-4766-985D-C5FCF865F121}
		{E0044ACE-0C28-41B1-9AC1-04563CFA760E} = {26E84C87-A247-4766-985D-C5FCF865F121}
		{B4FEFD00-8776-460C-AF4F-188BBEEB9310} = {26E84C87-A247-4766-985D-C5FCF865F121}
	EndGlobalSection
	GlobalSection(ExtensibilityGlobals) = postSolution
		SolutionGuid = {994D0416-5BD5-471F-B01C-D22A49D347AB}
	EndGlobalSection
EndGlobal
